
Microsoft Visual Studio Solution File, Format Version 12.00
# Visual Studio 15
VisualStudioVersion = 15.0.27130.2036
MinimumVisualStudioVersion = 10.0.40219.1
Project("{FAE04EC0-301F-11D3-BF4B-00C04F79EFBC}") = "NEO-Debugger", "NEO-Debugger\NEO-Debugger.csproj", "{DC8A5BC7-A582-4B0E-A26C-3A2F36ADAE5F}"
EndProject
Project("{9A19103F-16F7-4668-BE54-9A1E7A4F7556}") = "Neo.Lux", "..\neo-lux\Neo.Lux\Neo.Lux.csproj", "{A1C81785-6E53-4CC3-85E1-592D4DD31765}"
EndProject
Global
	GlobalSection(SolutionConfigurationPlatforms) = preSolution
		Debug|Any CPU = Debug|Any CPU
		Release|Any CPU = Release|Any CPU
	EndGlobalSection
	GlobalSection(ProjectConfigurationPlatforms) = postSolution
		{DC8A5BC7-A582-4B0E-A26C-3A2F36ADAE5F}.Debug|Any CPU.ActiveCfg = Debug|Any CPU
		{DC8A5BC7-A582-4B0E-A26C-3A2F36ADAE5F}.Debug|Any CPU.Build.0 = Debug|Any CPU
		{DC8A5BC7-A582-4B0E-A26C-3A2F36ADAE5F}.Release|Any CPU.ActiveCfg = Release|Any CPU
		{DC8A5BC7-A582-4B0E-A26C-3A2F36ADAE5F}.Release|Any CPU.Build.0 = Release|Any CPU
		{A1C81785-6E53-4CC3-85E1-592D4DD31765}.Debug|Any CPU.ActiveCfg = Debug|Any CPU
		{A1C81785-6E53-4CC3-85E1-592D4DD31765}.Debug|Any CPU.Build.0 = Debug|Any CPU
		{A1C81785-6E53-4CC3-85E1-592D4DD31765}.Release|Any CPU.ActiveCfg = Release|Any CPU
		{A1C81785-6E53-4CC3-85E1-592D4DD31765}.Release|Any CPU.Build.0 = Release|Any CPU
	EndGlobalSection
	GlobalSection(SolutionProperties) = preSolution
		HideSolutionNode = FALSE
	EndGlobalSection
	GlobalSection(ExtensibilityGlobals) = postSolution
		SolutionGuid = {15B2CC86-75F4-41EC-A318-CE58C633BA46}
	EndGlobalSection
EndGlobal
