Microsoft Visual Studio Solution File, Format Version 12.00
# Visual Studio 15
VisualStudioVersion = 15.0.28307.106
MinimumVisualStudioVersion = 10.0.40219.1
Project("{9A19103F-16F7-4668-BE54-9A1E7A4F7556}") = "NEO-Emulator", "NEO-Emulator\NEO-Emulator.csproj", "{ECFD546B-9CA5-4FEF-8289-3ED9BD26F806}"
EndProject
Project("{9A19103F-16F7-4668-BE54-9A1E7A4F7556}") = "NEO-Debugger-Core", "NEO-Debugger-Core\NEO-Debugger-Core.csproj", "{AADF2584-4C29-40F9-A11E-6BB94536D49A}"
EndProject
Project("{9A19103F-16F7-4668-BE54-9A1E7A4F7556}") = "NEO-Compiler", "NEO-Compiler\NEO-Compiler.csproj", "{7CA86FC2-B79A-40F3-804E-7A6265E5F056}"
EndProject
Project("{9A19103F-16F7-4668-BE54-9A1E7A4F7556}") = "Neo.SmartContract.Framework", "Neo.SmartContract.Framework\Neo.SmartContract.Framework.csproj", "{58BD9491-8756-41DA-9D07-39070BA586BB}"
EndProject
Project("{9A19103F-16F7-4668-BE54-9A1E7A4F7556}") = "NEO-Debugger-WebServices", "NEO-Debugger-WebServices\NEO-Debugger-WebServices.csproj", "{E80BC6C7-8F69-4E2E-8CEC-4797E7DB3BD4}"
EndProject
Project("{9A19103F-16F7-4668-BE54-9A1E7A4F7556}") = "NEO-Dev-Shell", "NEO-Dev-Shell\NEO-Dev-Shell.csproj", "{8F731264-34AF-468D-B260-C294EBB850CD}"
EndProject
Project("{9A19103F-16F7-4668-BE54-9A1E7A4F7556}") = "NEO-Convert-Task", "NEO-Convert-Task\NEO-Convert-Task.csproj", "{49EFC518-AF1A-4B44-8E6D-6846221AE8A1}"
EndProject
Project("{9A19103F-16F7-4668-BE54-9A1E7A4F7556}") = "NEO-ICO-Template", "NEO-ICO-Template\NEO-ICO-Template.csproj", "{7AF5A21D-5A13-4161-B2B1-8056A75FC1AE}"
EndProject
Project("{9A19103F-16F7-4668-BE54-9A1E7A4F7556}") = "NEO-ICO-UnitTests", "NEO-ICO-UnitTests\NEO-ICO-UnitTests.csproj", "{9C96D15E-934B-468D-817B-84D613408259}"
EndProject
Project("{9A19103F-16F7-4668-BE54-9A1E7A4F7556}") = "NEO-Debugger-Core-UnitTests", "NEO-Debugger-Core-UnitTests\NEO-Debugger-Core-UnitTests.csproj", "{8E5DBFD3-FB58-45CE-8754-64184B766E5C}"
EndProject
Project("{FAE04EC0-301F-11D3-BF4B-00C04F79EFBC}") = "NEODebuggerUI", "NEODebuggerUI\NEODebuggerUI.csproj", "{6EB27225-8129-4260-AB97-7B01EBC6F506}"
EndProject
Project("{9A19103F-16F7-4668-BE54-9A1E7A4F7556}") = "NEO-Debugger-UI-UnitTests", "NEO-Debugger-UI-UnitTests\NEO-Debugger-UI-UnitTests.csproj", "{CDF48943-06B3-483C-9DC7-773D521B601F}"
EndProject
Project("{9A19103F-16F7-4668-BE54-9A1E7A4F7556}") = "NEO-Compiler-UnitTests", "NEO-Compiler-UnitTests\NEO-Compiler-UnitTests.csproj", "{7DF48471-B900-421A-8ECF-F48274C5F8C4}"
EndProject
Project("{FAE04EC0-301F-11D3-BF4B-00C04F79EFBC}") = "NEO-Compiler-Lib", "NEO-Compiler-Lib\NEO-Compiler-Lib.csproj", "{5DF60A44-42C0-4E64-9290-58F997E609B2}"
EndProject
Project("{9A19103F-16F7-4668-BE54-9A1E7A4F7556}") = "Neo.Lux", "neo-lux\Neo.Lux\Neo.Lux.csproj", "{093B45CE-A803-4E10-838F-691216997CAD}"
EndProject
Project("{FAE04EC0-301F-11D3-BF4B-00C04F79EFBC}") = "neo-vm", "neo-official-vm\src\neo-vm\neo-vm.csproj", "{0B8FF51A-0A79-489C-BA61-9319E3CEB48A}"
EndProject
Project("{FAE04EC0-301F-11D3-BF4B-00C04F79EFBC}") = "NEO-Boa-Proxy-Lib", "NEO-Boa-Proxy-Lib\NEO-Boa-Proxy-Lib.csproj", "{B9F90466-D672-48AD-873C-6DB86226F324}"
EndProject
Project("{2150E333-8FDC-42A3-9474-1A3956D46DE8}") = "ci", "ci", "{6607B198-8250-43C3-882F-6A3C01624D48}"
	ProjectSection(SolutionItems) = preProject
		pre_build.sh = pre_build.sh
		build.sh = build.sh
	EndProjectSection
EndProject
Project("{9344BDBB-3E7F-41FC-A0DD-8665D75EE146}") = "Neo-Debugger-Winform", "NEO-Debugger-Winform\Neo-Debugger-Winform.csproj", "{AD1F1FA0-2D38-47B3-8DFA-F7E5352E2C0F}"
EndProject
Global
	GlobalSection(SolutionConfigurationPlatforms) = preSolution
		Debug|Any CPU = Debug|Any CPU
		Release|Any CPU = Release|Any CPU
	EndGlobalSection
	GlobalSection(ProjectConfigurationPlatforms) = postSolution
		{ECFD546B-9CA5-4FEF-8289-3ED9BD26F806}.Debug|Any CPU.ActiveCfg = Debug|Any CPU
		{ECFD546B-9CA5-4FEF-8289-3ED9BD26F806}.Debug|Any CPU.Build.0 = Debug|Any CPU
		{ECFD546B-9CA5-4FEF-8289-3ED9BD26F806}.Release|Any CPU.ActiveCfg = Release|Any CPU
		{ECFD546B-9CA5-4FEF-8289-3ED9BD26F806}.Release|Any CPU.Build.0 = Release|Any CPU
		{AADF2584-4C29-40F9-A11E-6BB94536D49A}.Debug|Any CPU.ActiveCfg = Debug|Any CPU
		{AADF2584-4C29-40F9-A11E-6BB94536D49A}.Debug|Any CPU.Build.0 = Debug|Any CPU
		{AADF2584-4C29-40F9-A11E-6BB94536D49A}.Release|Any CPU.ActiveCfg = Release|Any CPU
		{AADF2584-4C29-40F9-A11E-6BB94536D49A}.Release|Any CPU.Build.0 = Release|Any CPU
		{7CA86FC2-B79A-40F3-804E-7A6265E5F056}.Debug|Any CPU.ActiveCfg = Debug|Any CPU
		{7CA86FC2-B79A-40F3-804E-7A6265E5F056}.Debug|Any CPU.Build.0 = Debug|Any CPU
		{7CA86FC2-B79A-40F3-804E-7A6265E5F056}.Release|Any CPU.ActiveCfg = Release|Any CPU
		{7CA86FC2-B79A-40F3-804E-7A6265E5F056}.Release|Any CPU.Build.0 = Release|Any CPU
		{58BD9491-8756-41DA-9D07-39070BA586BB}.Debug|Any CPU.ActiveCfg = Debug|Any CPU
		{58BD9491-8756-41DA-9D07-39070BA586BB}.Debug|Any CPU.Build.0 = Debug|Any CPU
		{58BD9491-8756-41DA-9D07-39070BA586BB}.Release|Any CPU.ActiveCfg = Release|Any CPU
		{58BD9491-8756-41DA-9D07-39070BA586BB}.Release|Any CPU.Build.0 = Release|Any CPU
		{E80BC6C7-8F69-4E2E-8CEC-4797E7DB3BD4}.Debug|Any CPU.ActiveCfg = Debug|Any CPU
		{E80BC6C7-8F69-4E2E-8CEC-4797E7DB3BD4}.Debug|Any CPU.Build.0 = Debug|Any CPU
		{E80BC6C7-8F69-4E2E-8CEC-4797E7DB3BD4}.Release|Any CPU.ActiveCfg = Release|Any CPU
		{E80BC6C7-8F69-4E2E-8CEC-4797E7DB3BD4}.Release|Any CPU.Build.0 = Release|Any CPU
		{8F731264-34AF-468D-B260-C294EBB850CD}.Debug|Any CPU.ActiveCfg = Debug|Any CPU
		{8F731264-34AF-468D-B260-C294EBB850CD}.Debug|Any CPU.Build.0 = Debug|Any CPU
		{8F731264-34AF-468D-B260-C294EBB850CD}.Release|Any CPU.ActiveCfg = Release|Any CPU
		{8F731264-34AF-468D-B260-C294EBB850CD}.Release|Any CPU.Build.0 = Release|Any CPU
		{49EFC518-AF1A-4B44-8E6D-6846221AE8A1}.Debug|Any CPU.ActiveCfg = Debug|Any CPU
		{49EFC518-AF1A-4B44-8E6D-6846221AE8A1}.Debug|Any CPU.Build.0 = Debug|Any CPU
		{49EFC518-AF1A-4B44-8E6D-6846221AE8A1}.Release|Any CPU.ActiveCfg = Release|Any CPU
		{49EFC518-AF1A-4B44-8E6D-6846221AE8A1}.Release|Any CPU.Build.0 = Release|Any CPU
		{7AF5A21D-5A13-4161-B2B1-8056A75FC1AE}.Debug|Any CPU.ActiveCfg = Debug|Any CPU
		{7AF5A21D-5A13-4161-B2B1-8056A75FC1AE}.Debug|Any CPU.Build.0 = Debug|Any CPU
		{7AF5A21D-5A13-4161-B2B1-8056A75FC1AE}.Release|Any CPU.ActiveCfg = Release|Any CPU
		{7AF5A21D-5A13-4161-B2B1-8056A75FC1AE}.Release|Any CPU.Build.0 = Release|Any CPU
		{9C96D15E-934B-468D-817B-84D613408259}.Debug|Any CPU.ActiveCfg = Debug|Any CPU
		{9C96D15E-934B-468D-817B-84D613408259}.Debug|Any CPU.Build.0 = Debug|Any CPU
		{9C96D15E-934B-468D-817B-84D613408259}.Release|Any CPU.ActiveCfg = Release|Any CPU
		{9C96D15E-934B-468D-817B-84D613408259}.Release|Any CPU.Build.0 = Release|Any CPU
		{8E5DBFD3-FB58-45CE-8754-64184B766E5C}.Debug|Any CPU.ActiveCfg = Debug|Any CPU
		{8E5DBFD3-FB58-45CE-8754-64184B766E5C}.Debug|Any CPU.Build.0 = Debug|Any CPU
		{8E5DBFD3-FB58-45CE-8754-64184B766E5C}.Release|Any CPU.ActiveCfg = Release|Any CPU
		{8E5DBFD3-FB58-45CE-8754-64184B766E5C}.Release|Any CPU.Build.0 = Release|Any CPU
		{6EB27225-8129-4260-AB97-7B01EBC6F506}.Debug|Any CPU.ActiveCfg = Debug|Any CPU
		{6EB27225-8129-4260-AB97-7B01EBC6F506}.Debug|Any CPU.Build.0 = Debug|Any CPU
		{6EB27225-8129-4260-AB97-7B01EBC6F506}.Release|Any CPU.ActiveCfg = Release|Any CPU
		{6EB27225-8129-4260-AB97-7B01EBC6F506}.Release|Any CPU.Build.0 = Release|Any CPU
		{CDF48943-06B3-483C-9DC7-773D521B601F}.Debug|Any CPU.ActiveCfg = Debug|Any CPU
		{CDF48943-06B3-483C-9DC7-773D521B601F}.Debug|Any CPU.Build.0 = Debug|Any CPU
		{CDF48943-06B3-483C-9DC7-773D521B601F}.Release|Any CPU.ActiveCfg = Release|Any CPU
		{CDF48943-06B3-483C-9DC7-773D521B601F}.Release|Any CPU.Build.0 = Release|Any CPU
		{7DF48471-B900-421A-8ECF-F48274C5F8C4}.Debug|Any CPU.ActiveCfg = Debug|Any CPU
		{7DF48471-B900-421A-8ECF-F48274C5F8C4}.Debug|Any CPU.Build.0 = Debug|Any CPU
		{7DF48471-B900-421A-8ECF-F48274C5F8C4}.Release|Any CPU.ActiveCfg = Release|Any CPU
		{7DF48471-B900-421A-8ECF-F48274C5F8C4}.Release|Any CPU.Build.0 = Release|Any CPU
		{5DF60A44-42C0-4E64-9290-58F997E609B2}.Debug|Any CPU.ActiveCfg = Debug|Any CPU
		{5DF60A44-42C0-4E64-9290-58F997E609B2}.Debug|Any CPU.Build.0 = Debug|Any CPU
		{5DF60A44-42C0-4E64-9290-58F997E609B2}.Release|Any CPU.ActiveCfg = Release|Any CPU
		{5DF60A44-42C0-4E64-9290-58F997E609B2}.Release|Any CPU.Build.0 = Release|Any CPU
		{093B45CE-A803-4E10-838F-691216997CAD}.Debug|Any CPU.ActiveCfg = Debug|Any CPU
		{093B45CE-A803-4E10-838F-691216997CAD}.Debug|Any CPU.Build.0 = Debug|Any CPU
		{093B45CE-A803-4E10-838F-691216997CAD}.Release|Any CPU.ActiveCfg = Release|Any CPU
		{093B45CE-A803-4E10-838F-691216997CAD}.Release|Any CPU.Build.0 = Release|Any CPU
		{0B8FF51A-0A79-489C-BA61-9319E3CEB48A}.Debug|Any CPU.ActiveCfg = Debug|Any CPU
		{0B8FF51A-0A79-489C-BA61-9319E3CEB48A}.Debug|Any CPU.Build.0 = Debug|Any CPU
		{0B8FF51A-0A79-489C-BA61-9319E3CEB48A}.Release|Any CPU.ActiveCfg = Release|Any CPU
		{0B8FF51A-0A79-489C-BA61-9319E3CEB48A}.Release|Any CPU.Build.0 = Release|Any CPU
		{B9F90466-D672-48AD-873C-6DB86226F324}.Debug|Any CPU.ActiveCfg = Debug|Any CPU
		{B9F90466-D672-48AD-873C-6DB86226F324}.Debug|Any CPU.Build.0 = Debug|Any CPU
		{B9F90466-D672-48AD-873C-6DB86226F324}.Release|Any CPU.ActiveCfg = Release|Any CPU
		{B9F90466-D672-48AD-873C-6DB86226F324}.Release|Any CPU.Build.0 = Release|Any CPU
		{AD1F1FA0-2D38-47B3-8DFA-F7E5352E2C0F}.Debug|Any CPU.ActiveCfg = Debug|Any CPU
		{AD1F1FA0-2D38-47B3-8DFA-F7E5352E2C0F}.Debug|Any CPU.Build.0 = Debug|Any CPU
		{AD1F1FA0-2D38-47B3-8DFA-F7E5352E2C0F}.Release|Any CPU.ActiveCfg = Release|Any CPU
		{AD1F1FA0-2D38-47B3-8DFA-F7E5352E2C0F}.Release|Any CPU.Build.0 = Release|Any CPU
	EndGlobalSection
	GlobalSection(SolutionProperties) = preSolution
		HideSolutionNode = FALSE
	EndGlobalSection
	GlobalSection(ExtensibilityGlobals) = postSolution
		SolutionGuid = {197A868F-5EDE-4066-A21A-0407F4023E2A}
	EndGlobalSection
EndGlobal
