
Microsoft Visual Studio Solution File, Format Version 12.00
# Visual Studio 15
VisualStudioVersion = 15.0.27130.2036
MinimumVisualStudioVersion = 10.0.40219.1
Project("{FAE04EC0-301F-11D3-BF4B-00C04F79EFBC}") = "NEO-Debugger-Winform", "NEO-Debugger-Winform\NEO-Debugger-Winform.csproj", "{69CE0FB9-99CF-4A40-A0AB-E39F5050054E}"
EndProject
Project("{9A19103F-16F7-4668-BE54-9A1E7A4F7556}") = "NeoDebuggerCore", "NeoDebuggerCore\NeoDebuggerCore.csproj", "{B0751BC2-2C77-4AE6-B761-415F35FE86C0}"
EndProject
Project("{9A19103F-16F7-4668-BE54-9A1E7A4F7556}") = "NeoCompiler", "NeoCompiler\NeoCompiler.csproj", "{DBBEBC20-054D-47D3-B279-BBACB17A0EF0}"
EndProject
Project("{9A19103F-16F7-4668-BE54-9A1E7A4F7556}") = "NeoEmulator", "NeoEmulator\NeoEmulator.csproj", "{75DCB19F-E7A8-422C-ACFD-3245D57358F8}"
EndProject
Project("{9A19103F-16F7-4668-BE54-9A1E7A4F7556}") = "NeoDebuggerCoreTests", "NeoDebuggerCoreTests\NeoDebuggerCoreTests.csproj", "{A02BA7AA-A76A-4F1C-8D2B-ED312D2AB4D5}"
EndProject
Project("{FAE04EC0-301F-11D3-BF4B-00C04F79EFBC}") = "ICOTemplate", "ICOTemplate\ICOTemplate.csproj", "{65141E92-6D6F-40C2-B499-6FE0CF232519}"
EndProject
Project("{9A19103F-16F7-4668-BE54-9A1E7A4F7556}") = "ICOUnitTests", "ICOUnitTests\ICOUnitTests.csproj", "{0F47FA9F-2162-46AB-9595-45E9262B05B8}"
EndProject
Project("{9A19103F-16F7-4668-BE54-9A1E7A4F7556}") = "NeoEmulatorTests", "NeoEmulatorTests\NeoEmulatorTests.csproj", "{656490D7-F175-4A24-957A-DB9EE5F6EAA3}"
EndProject
Project("{9A19103F-16F7-4668-BE54-9A1E7A4F7556}") = "NeoDevShell", "NeoDevShell\NeoDevShell.csproj", "{D44DA2FD-2DC6-4AF9-91F3-60D86F308A1D}"
EndProject
Project("{9A19103F-16F7-4668-BE54-9A1E7A4F7556}") = "NeoDebuggerUI", "NeoDebuggerUI\NeoDebuggerUI.csproj", "{ED99FF00-1FBB-469D-B202-1A109F53FA6E}"
EndProject
Global
	GlobalSection(SolutionConfigurationPlatforms) = preSolution
		Debug|Any CPU = Debug|Any CPU
		Release|Any CPU = Release|Any CPU
	EndGlobalSection
	GlobalSection(ProjectConfigurationPlatforms) = postSolution
		{69CE0FB9-99CF-4A40-A0AB-E39F5050054E}.Debug|Any CPU.ActiveCfg = Debug|Any CPU
		{69CE0FB9-99CF-4A40-A0AB-E39F5050054E}.Debug|Any CPU.Build.0 = Debug|Any CPU
		{69CE0FB9-99CF-4A40-A0AB-E39F5050054E}.Release|Any CPU.ActiveCfg = Release|Any CPU
		{69CE0FB9-99CF-4A40-A0AB-E39F5050054E}.Release|Any CPU.Build.0 = Release|Any CPU
		{B0751BC2-2C77-4AE6-B761-415F35FE86C0}.Debug|Any CPU.ActiveCfg = Debug|Any CPU
		{B0751BC2-2C77-4AE6-B761-415F35FE86C0}.Debug|Any CPU.Build.0 = Debug|Any CPU
		{B0751BC2-2C77-4AE6-B761-415F35FE86C0}.Release|Any CPU.ActiveCfg = Release|Any CPU
		{B0751BC2-2C77-4AE6-B761-415F35FE86C0}.Release|Any CPU.Build.0 = Release|Any CPU
		{DBBEBC20-054D-47D3-B279-BBACB17A0EF0}.Debug|Any CPU.ActiveCfg = Debug|Any CPU
		{DBBEBC20-054D-47D3-B279-BBACB17A0EF0}.Debug|Any CPU.Build.0 = Debug|Any CPU
		{DBBEBC20-054D-47D3-B279-BBACB17A0EF0}.Release|Any CPU.ActiveCfg = Release|Any CPU
		{DBBEBC20-054D-47D3-B279-BBACB17A0EF0}.Release|Any CPU.Build.0 = Release|Any CPU
		{75DCB19F-E7A8-422C-ACFD-3245D57358F8}.Debug|Any CPU.ActiveCfg = Debug|Any CPU
		{75DCB19F-E7A8-422C-ACFD-3245D57358F8}.Debug|Any CPU.Build.0 = Debug|Any CPU
		{75DCB19F-E7A8-422C-ACFD-3245D57358F8}.Release|Any CPU.ActiveCfg = Release|Any CPU
		{75DCB19F-E7A8-422C-ACFD-3245D57358F8}.Release|Any CPU.Build.0 = Release|Any CPU
		{A02BA7AA-A76A-4F1C-8D2B-ED312D2AB4D5}.Debug|Any CPU.ActiveCfg = Debug|Any CPU
		{A02BA7AA-A76A-4F1C-8D2B-ED312D2AB4D5}.Debug|Any CPU.Build.0 = Debug|Any CPU
		{A02BA7AA-A76A-4F1C-8D2B-ED312D2AB4D5}.Release|Any CPU.ActiveCfg = Release|Any CPU
		{A02BA7AA-A76A-4F1C-8D2B-ED312D2AB4D5}.Release|Any CPU.Build.0 = Release|Any CPU
		{65141E92-6D6F-40C2-B499-6FE0CF232519}.Debug|Any CPU.ActiveCfg = Debug|Any CPU
		{65141E92-6D6F-40C2-B499-6FE0CF232519}.Debug|Any CPU.Build.0 = Debug|Any CPU
		{65141E92-6D6F-40C2-B499-6FE0CF232519}.Release|Any CPU.ActiveCfg = Release|Any CPU
		{65141E92-6D6F-40C2-B499-6FE0CF232519}.Release|Any CPU.Build.0 = Release|Any CPU
		{0F47FA9F-2162-46AB-9595-45E9262B05B8}.Debug|Any CPU.ActiveCfg = Debug|Any CPU
		{0F47FA9F-2162-46AB-9595-45E9262B05B8}.Debug|Any CPU.Build.0 = Debug|Any CPU
		{0F47FA9F-2162-46AB-9595-45E9262B05B8}.Release|Any CPU.ActiveCfg = Release|Any CPU
		{0F47FA9F-2162-46AB-9595-45E9262B05B8}.Release|Any CPU.Build.0 = Release|Any CPU
		{656490D7-F175-4A24-957A-DB9EE5F6EAA3}.Debug|Any CPU.ActiveCfg = Debug|Any CPU
		{656490D7-F175-4A24-957A-DB9EE5F6EAA3}.Debug|Any CPU.Build.0 = Debug|Any CPU
		{656490D7-F175-4A24-957A-DB9EE5F6EAA3}.Release|Any CPU.ActiveCfg = Release|Any CPU
		{656490D7-F175-4A24-957A-DB9EE5F6EAA3}.Release|Any CPU.Build.0 = Release|Any CPU
		{D44DA2FD-2DC6-4AF9-91F3-60D86F308A1D}.Debug|Any CPU.ActiveCfg = Debug|Any CPU
		{D44DA2FD-2DC6-4AF9-91F3-60D86F308A1D}.Debug|Any CPU.Build.0 = Debug|Any CPU
		{D44DA2FD-2DC6-4AF9-91F3-60D86F308A1D}.Release|Any CPU.ActiveCfg = Release|Any CPU
		{D44DA2FD-2DC6-4AF9-91F3-60D86F308A1D}.Release|Any CPU.Build.0 = Release|Any CPU
		{ED99FF00-1FBB-469D-B202-1A109F53FA6E}.Debug|Any CPU.ActiveCfg = Debug|Any CPU
		{ED99FF00-1FBB-469D-B202-1A109F53FA6E}.Debug|Any CPU.Build.0 = Debug|Any CPU
		{ED99FF00-1FBB-469D-B202-1A109F53FA6E}.Release|Any CPU.ActiveCfg = Release|Any CPU
		{ED99FF00-1FBB-469D-B202-1A109F53FA6E}.Release|Any CPU.Build.0 = Release|Any CPU
	EndGlobalSection
	GlobalSection(SolutionProperties) = preSolution
		HideSolutionNode = FALSE
	EndGlobalSection
	GlobalSection(ExtensibilityGlobals) = postSolution
		SolutionGuid = {15B2CC86-75F4-41EC-A318-CE58C633BA46}
	EndGlobalSection
EndGlobal
