
Microsoft Visual Studio Solution File, Format Version 12.00
# Visual Studio 2017
Project("{FAE04EC0-301F-11D3-BF4B-00C04F79EFBC}") = "NEO-Emulator", "NEO-Emulator.csproj", "{372429C2-71BE-41C2-92D0-5A9187BC238A}"
EndProject
Global
	GlobalSection(SolutionConfigurationPlatforms) = preSolution
		Debug|Any CPU = Debug|Any CPU
		Release|Any CPU = Release|Any CPU
	EndGlobalSection
	GlobalSection(ProjectConfigurationPlatforms) = postSolution
		{372429C2-71BE-41C2-92D0-5A9187BC238A}.Debug|Any CPU.ActiveCfg = Debug|Any CPU
		{372429C2-71BE-41C2-92D0-5A9187BC238A}.Debug|Any CPU.Build.0 = Debug|Any CPU
		{372429C2-71BE-41C2-92D0-5A9187BC238A}.Release|Any CPU.ActiveCfg = Release|Any CPU
		{372429C2-71BE-41C2-92D0-5A9187BC238A}.Release|Any CPU.Build.0 = Release|Any CPU
	EndGlobalSection
EndGlobal
